
Microsoft Visual Studio Solution File, Format Version 12.00
# Visual Studio Version 17
VisualStudioVersion = 17.9.34622.214
MinimumVisualStudioVersion = 10.0.40219.1
Project("{9A19103F-16F7-4668-BE54-9A1E7A4F7556}") = "KlassyCafe", "KlassyCafe\KlassyCafe.csproj", "{C6286EEC-F9FB-4472-8E0E-EBB72BF96DFE}"
EndProject
Project("{FAE04EC0-301F-11D3-BF4B-00C04F79EFBC}") = "KlassyCafeSignalR", "KlassyCafeSignalR\KlassyCafeSignalR.csproj", "{6602AE0B-23B2-4BD4-B5FD-32F71C81D2B9}"
EndProject
Global
	GlobalSection(SolutionConfigurationPlatforms) = preSolution
		Debug|Any CPU = Debug|Any CPU
		Release|Any CPU = Release|Any CPU
	EndGlobalSection
	GlobalSection(ProjectConfigurationPlatforms) = postSolution
		{C6286EEC-F9FB-4472-8E0E-EBB72BF96DFE}.Debug|Any CPU.ActiveCfg = Debug|Any CPU
		{C6286EEC-F9FB-4472-8E0E-EBB72BF96DFE}.Debug|Any CPU.Build.0 = Debug|Any CPU
		{C6286EEC-F9FB-4472-8E0E-EBB72BF96DFE}.Release|Any CPU.ActiveCfg = Release|Any CPU
		{C6286EEC-F9FB-4472-8E0E-EBB72BF96DFE}.Release|Any CPU.Build.0 = Release|Any CPU
		{6602AE0B-23B2-4BD4-B5FD-32F71C81D2B9}.Debug|Any CPU.ActiveCfg = Debug|Any CPU
		{6602AE0B-23B2-4BD4-B5FD-32F71C81D2B9}.Debug|Any CPU.Build.0 = Debug|Any CPU
		{6602AE0B-23B2-4BD4-B5FD-32F71C81D2B9}.Release|Any CPU.ActiveCfg = Release|Any CPU
		{6602AE0B-23B2-4BD4-B5FD-32F71C81D2B9}.Release|Any CPU.Build.0 = Release|Any CPU
	EndGlobalSection
	GlobalSection(SolutionProperties) = preSolution
		HideSolutionNode = FALSE
	EndGlobalSection
	GlobalSection(ExtensibilityGlobals) = postSolution
		SolutionGuid = {0DA1F2BF-636C-4AD2-B713-67E7E251D8C7}
	EndGlobalSection
EndGlobal
